
Microsoft Visual Studio Solution File, Format Version 12.00
# Visual Studio Version 17
VisualStudioVersion = 17.4.33213.308
MinimumVisualStudioVersion = 10.0.40219.1
Project("{FAE04EC0-301F-11D3-BF4B-00C04F79EFBC}") = "GovForms.Engine", "GovForms.Engine\GovForms.Engine.csproj", "{38A6AF24-BF5D-4E37-9518-DD13B4488FF2}"
EndProject
Global
	GlobalSection(SolutionConfigurationPlatforms) = preSolution
		Debug|Any CPU = Debug|Any CPU
		Release|Any CPU = Release|Any CPU
	EndGlobalSection
	GlobalSection(ProjectConfigurationPlatforms) = postSolution
		{38A6AF24-BF5D-4E37-9518-DD13B4488FF2}.Debug|Any CPU.ActiveCfg = Debug|Any CPU
		{38A6AF24-BF5D-4E37-9518-DD13B4488FF2}.Debug|Any CPU.Build.0 = Debug|Any CPU
		{38A6AF24-BF5D-4E37-9518-DD13B4488FF2}.Release|Any CPU.ActiveCfg = Release|Any CPU
		{38A6AF24-BF5D-4E37-9518-DD13B4488FF2}.Release|Any CPU.Build.0 = Release|Any CPU
	EndGlobalSection
	GlobalSection(SolutionProperties) = preSolution
		HideSolutionNode = FALSE
	EndGlobalSection
	GlobalSection(ExtensibilityGlobals) = postSolution
		SolutionGuid = {93750577-9FD9-4A68-8C88-7B30C0D66A4F}
	EndGlobalSection
EndGlobal
